
Microsoft Visual Studio Solution File, Format Version 12.00
# Visual Studio Version 17
VisualStudioVersion = 17.13.35825.156
MinimumVisualStudioVersion = 10.0.40219.1
Project("{FAE04EC0-301F-11D3-BF4B-00C04F79EFBC}") = "Domain", "Domain\Domain.csproj", "{B7E0A25B-424D-4B77-9080-8331D55C6C3D}"
EndProject
Project("{FAE04EC0-301F-11D3-BF4B-00C04F79EFBC}") = "API", "API\API.csproj", "{193725D2-1A05-45AD-83EF-D07DB1AA641E}"
EndProject
Project("{FAE04EC0-301F-11D3-BF4B-00C04F79EFBC}") = "Application", "Application\Application.csproj", "{0C64EFAF-78BD-4395-A71E-F4259F8AE002}"
EndProject
Project("{FAE04EC0-301F-11D3-BF4B-00C04F79EFBC}") = "Infrastructure", "Infrastructure\Infrastructure.csproj", "{98C39F43-C39C-40F0-BA1C-53D313D7EE25}"
EndProject
Global
	GlobalSection(SolutionConfigurationPlatforms) = preSolution
		Debug|Any CPU = Debug|Any CPU
		Release|Any CPU = Release|Any CPU
	EndGlobalSection
	GlobalSection(ProjectConfigurationPlatforms) = postSolution
		{B7E0A25B-424D-4B77-9080-8331D55C6C3D}.Debug|Any CPU.ActiveCfg = Debug|Any CPU
		{B7E0A25B-424D-4B77-9080-8331D55C6C3D}.Debug|Any CPU.Build.0 = Debug|Any CPU
		{B7E0A25B-424D-4B77-9080-8331D55C6C3D}.Release|Any CPU.ActiveCfg = Release|Any CPU
		{B7E0A25B-424D-4B77-9080-8331D55C6C3D}.Release|Any CPU.Build.0 = Release|Any CPU
		{193725D2-1A05-45AD-83EF-D07DB1AA641E}.Debug|Any CPU.ActiveCfg = Debug|Any CPU
		{193725D2-1A05-45AD-83EF-D07DB1AA641E}.Debug|Any CPU.Build.0 = Debug|Any CPU
		{193725D2-1A05-45AD-83EF-D07DB1AA641E}.Release|Any CPU.ActiveCfg = Release|Any CPU
		{193725D2-1A05-45AD-83EF-D07DB1AA641E}.Release|Any CPU.Build.0 = Release|Any CPU
		{0C64EFAF-78BD-4395-A71E-F4259F8AE002}.Debug|Any CPU.ActiveCfg = Debug|Any CPU
		{0C64EFAF-78BD-4395-A71E-F4259F8AE002}.Debug|Any CPU.Build.0 = Debug|Any CPU
		{0C64EFAF-78BD-4395-A71E-F4259F8AE002}.Release|Any CPU.ActiveCfg = Release|Any CPU
		{0C64EFAF-78BD-4395-A71E-F4259F8AE002}.Release|Any CPU.Build.0 = Release|Any CPU
		{98C39F43-C39C-40F0-BA1C-53D313D7EE25}.Debug|Any CPU.ActiveCfg = Debug|Any CPU
		{98C39F43-C39C-40F0-BA1C-53D313D7EE25}.Debug|Any CPU.Build.0 = Debug|Any CPU
		{98C39F43-C39C-40F0-BA1C-53D313D7EE25}.Release|Any CPU.ActiveCfg = Release|Any CPU
		{98C39F43-C39C-40F0-BA1C-53D313D7EE25}.Release|Any CPU.Build.0 = Release|Any CPU
	EndGlobalSection
	GlobalSection(SolutionProperties) = preSolution
		HideSolutionNode = FALSE
	EndGlobalSection
	GlobalSection(ExtensibilityGlobals) = postSolution
		SolutionGuid = {10C38D1A-8E08-41B5-A1F0-C46557C8F03E}
	EndGlobalSection
EndGlobal
