
Microsoft Visual Studio Solution File, Format Version 12.00
# Visual Studio Version 17
VisualStudioVersion = 17.13.35825.156
MinimumVisualStudioVersion = 10.0.40219.1
Project("{FAE04EC0-301F-11D3-BF4B-00C04F79EFBC}") = "API", "API\API.csproj", "{62B701E1-B990-4010-AA89-D406C3C79746}"
EndProject
Project("{FAE04EC0-301F-11D3-BF4B-00C04F79EFBC}") = "Domain", "Domain\Domain.csproj", "{1C59A2E7-F1FA-4AAF-9A91-E95CB38DE811}"
EndProject
Project("{FAE04EC0-301F-11D3-BF4B-00C04F79EFBC}") = "Infrastructure", "Infrastructure\Infrastructure.csproj", "{70585F72-73D1-4CDC-91C0-0584AEA7EF76}"
EndProject
Global
	GlobalSection(SolutionConfigurationPlatforms) = preSolution
		Debug|Any CPU = Debug|Any CPU
		Release|Any CPU = Release|Any CPU
	EndGlobalSection
	GlobalSection(ProjectConfigurationPlatforms) = postSolution
		{62B701E1-B990-4010-AA89-D406C3C79746}.Debug|Any CPU.ActiveCfg = Debug|Any CPU
		{62B701E1-B990-4010-AA89-D406C3C79746}.Debug|Any CPU.Build.0 = Debug|Any CPU
		{62B701E1-B990-4010-AA89-D406C3C79746}.Release|Any CPU.ActiveCfg = Release|Any CPU
		{62B701E1-B990-4010-AA89-D406C3C79746}.Release|Any CPU.Build.0 = Release|Any CPU
		{1C59A2E7-F1FA-4AAF-9A91-E95CB38DE811}.Debug|Any CPU.ActiveCfg = Debug|Any CPU
		{1C59A2E7-F1FA-4AAF-9A91-E95CB38DE811}.Debug|Any CPU.Build.0 = Debug|Any CPU
		{1C59A2E7-F1FA-4AAF-9A91-E95CB38DE811}.Release|Any CPU.ActiveCfg = Release|Any CPU
		{1C59A2E7-F1FA-4AAF-9A91-E95CB38DE811}.Release|Any CPU.Build.0 = Release|Any CPU
		{70585F72-73D1-4CDC-91C0-0584AEA7EF76}.Debug|Any CPU.ActiveCfg = Debug|Any CPU
		{70585F72-73D1-4CDC-91C0-0584AEA7EF76}.Debug|Any CPU.Build.0 = Debug|Any CPU
		{70585F72-73D1-4CDC-91C0-0584AEA7EF76}.Release|Any CPU.ActiveCfg = Release|Any CPU
		{70585F72-73D1-4CDC-91C0-0584AEA7EF76}.Release|Any CPU.Build.0 = Release|Any CPU
	EndGlobalSection
	GlobalSection(SolutionProperties) = preSolution
		HideSolutionNode = FALSE
	EndGlobalSection
	GlobalSection(ExtensibilityGlobals) = postSolution
		SolutionGuid = {10C38D1A-8E08-41B5-A1F0-C46557C8F03E}
	EndGlobalSection
EndGlobal
